
Microsoft Visual Studio Solution File, Format Version 12.00
# Visual Studio Version 17
VisualStudioVersion = 17.0.31903.59
MinimumVisualStudioVersion = 10.0.40219.1
Project("{2150E333-8FDC-42A3-9474-1A3956D46DE8}") = "src", "src", "{827E0CD3-B72D-47B6-A68D-7590B98EB39B}"
EndProject
Project("{2150E333-8FDC-42A3-9474-1A3956D46DE8}") = "tests", "tests", "{0AB3BF05-4346-4AA6-1389-037BE0695223}"
EndProject
Project("{FAE04EC0-301F-11D3-BF4B-00C04F79EFBC}") = "NetAspireServer.Application.Tests", "tests\NetAspireServer.Application.Tests\NetAspireServer.Application.Tests.csproj", "{AA823DA3-AE80-4278-9B7F-6B366FE6698D}"
EndProject
Project("{2150E333-8FDC-42A3-9474-1A3956D46DE8}") = "Domain", "Domain", "{8B290487-4C16-E85E-E807-F579CBE9FC4D}"
EndProject
Project("{FAE04EC0-301F-11D3-BF4B-00C04F79EFBC}") = "NetAspireServer.Domain", "src\Domain\NetAspireServer.Domain.csproj", "{391EC749-B9D8-40A4-93C9-CBCE71FC0A80}"
EndProject
Project("{2150E333-8FDC-42A3-9474-1A3956D46DE8}") = "Application", "Application", "{22BAF98C-8415-17C4-B26A-D537657BC863}"
EndProject
Project("{FAE04EC0-301F-11D3-BF4B-00C04F79EFBC}") = "NetAspireServer.Application", "src\Application\NetAspireServer.Application.csproj", "{35CD1F98-F23B-49DF-9360-203CDD7E65EC}"
EndProject
Project("{2150E333-8FDC-42A3-9474-1A3956D46DE8}") = "Infrastructure", "Infrastructure", "{9048EB7F-3875-A59E-E36B-5BD4C6F2A282}"
EndProject
Project("{FAE04EC0-301F-11D3-BF4B-00C04F79EFBC}") = "NetAspireServer.Infrastructure", "src\Infrastructure\NetAspireServer.Infrastructure.csproj", "{DABCDA19-CC31-47D2-A7CC-E2FD48F812D1}"
EndProject
Project("{2150E333-8FDC-42A3-9474-1A3956D46DE8}") = "Api", "Api", "{81034408-37C8-1011-444E-4C15C2FADA8E}"
EndProject
Project("{FAE04EC0-301F-11D3-BF4B-00C04F79EFBC}") = "NetAspireServer.Api", "src\Api\NetAspireServer.Api.csproj", "{04532539-44B1-402C-A6AA-FE439A5DF6C7}"
EndProject
Project("{2150E333-8FDC-42A3-9474-1A3956D46DE8}") = "AppHost", "AppHost", "{63882A7C-90E5-DEE3-63BB-E6ABDBC8A365}"
EndProject
Project("{FAE04EC0-301F-11D3-BF4B-00C04F79EFBC}") = "NetAspireServer.AppHost", "src\AppHost\NetAspireServer.AppHost.csproj", "{F634B1D6-0E32-406C-B851-0FC70C3DCB34}"
EndProject
Global
	GlobalSection(SolutionConfigurationPlatforms) = preSolution
		Debug|Any CPU = Debug|Any CPU
		Debug|x64 = Debug|x64
		Debug|x86 = Debug|x86
		Release|Any CPU = Release|Any CPU
		Release|x64 = Release|x64
		Release|x86 = Release|x86
	EndGlobalSection
	GlobalSection(ProjectConfigurationPlatforms) = postSolution
		{AA823DA3-AE80-4278-9B7F-6B366FE6698D}.Debug|Any CPU.ActiveCfg = Debug|Any CPU
		{AA823DA3-AE80-4278-9B7F-6B366FE6698D}.Debug|Any CPU.Build.0 = Debug|Any CPU
		{AA823DA3-AE80-4278-9B7F-6B366FE6698D}.Debug|x64.ActiveCfg = Debug|Any CPU
		{AA823DA3-AE80-4278-9B7F-6B366FE6698D}.Debug|x64.Build.0 = Debug|Any CPU
		{AA823DA3-AE80-4278-9B7F-6B366FE6698D}.Debug|x86.ActiveCfg = Debug|Any CPU
		{AA823DA3-AE80-4278-9B7F-6B366FE6698D}.Debug|x86.Build.0 = Debug|Any CPU
		{AA823DA3-AE80-4278-9B7F-6B366FE6698D}.Release|Any CPU.ActiveCfg = Release|Any CPU
		{AA823DA3-AE80-4278-9B7F-6B366FE6698D}.Release|Any CPU.Build.0 = Release|Any CPU
		{AA823DA3-AE80-4278-9B7F-6B366FE6698D}.Release|x64.ActiveCfg = Release|Any CPU
		{AA823DA3-AE80-4278-9B7F-6B366FE6698D}.Release|x64.Build.0 = Release|Any CPU
		{AA823DA3-AE80-4278-9B7F-6B366FE6698D}.Release|x86.ActiveCfg = Release|Any CPU
		{AA823DA3-AE80-4278-9B7F-6B366FE6698D}.Release|x86.Build.0 = Release|Any CPU
		{391EC749-B9D8-40A4-93C9-CBCE71FC0A80}.Debug|Any CPU.ActiveCfg = Debug|Any CPU
		{391EC749-B9D8-40A4-93C9-CBCE71FC0A80}.Debug|Any CPU.Build.0 = Debug|Any CPU
		{391EC749-B9D8-40A4-93C9-CBCE71FC0A80}.Debug|x64.ActiveCfg = Debug|Any CPU
		{391EC749-B9D8-40A4-93C9-CBCE71FC0A80}.Debug|x64.Build.0 = Debug|Any CPU
		{391EC749-B9D8-40A4-93C9-CBCE71FC0A80}.Debug|x86.ActiveCfg = Debug|Any CPU
		{391EC749-B9D8-40A4-93C9-CBCE71FC0A80}.Debug|x86.Build.0 = Debug|Any CPU
		{391EC749-B9D8-40A4-93C9-CBCE71FC0A80}.Release|Any CPU.ActiveCfg = Release|Any CPU
		{391EC749-B9D8-40A4-93C9-CBCE71FC0A80}.Release|Any CPU.Build.0 = Release|Any CPU
		{391EC749-B9D8-40A4-93C9-CBCE71FC0A80}.Release|x64.ActiveCfg = Release|Any CPU
		{391EC749-B9D8-40A4-93C9-CBCE71FC0A80}.Release|x64.Build.0 = Release|Any CPU
		{391EC749-B9D8-40A4-93C9-CBCE71FC0A80}.Release|x86.ActiveCfg = Release|Any CPU
		{391EC749-B9D8-40A4-93C9-CBCE71FC0A80}.Release|x86.Build.0 = Release|Any CPU
		{35CD1F98-F23B-49DF-9360-203CDD7E65EC}.Debug|Any CPU.ActiveCfg = Debug|Any CPU
		{35CD1F98-F23B-49DF-9360-203CDD7E65EC}.Debug|Any CPU.Build.0 = Debug|Any CPU
		{35CD1F98-F23B-49DF-9360-203CDD7E65EC}.Debug|x64.ActiveCfg = Debug|Any CPU
		{35CD1F98-F23B-49DF-9360-203CDD7E65EC}.Debug|x64.Build.0 = Debug|Any CPU
		{35CD1F98-F23B-49DF-9360-203CDD7E65EC}.Debug|x86.ActiveCfg = Debug|Any CPU
		{35CD1F98-F23B-49DF-9360-203CDD7E65EC}.Debug|x86.Build.0 = Debug|Any CPU
		{35CD1F98-F23B-49DF-9360-203CDD7E65EC}.Release|Any CPU.ActiveCfg = Release|Any CPU
		{35CD1F98-F23B-49DF-9360-203CDD7E65EC}.Release|Any CPU.Build.0 = Release|Any CPU
		{35CD1F98-F23B-49DF-9360-203CDD7E65EC}.Release|x64.ActiveCfg = Release|Any CPU
		{35CD1F98-F23B-49DF-9360-203CDD7E65EC}.Release|x64.Build.0 = Release|Any CPU
		{35CD1F98-F23B-49DF-9360-203CDD7E65EC}.Release|x86.ActiveCfg = Release|Any CPU
		{35CD1F98-F23B-49DF-9360-203CDD7E65EC}.Release|x86.Build.0 = Release|Any CPU
		{DABCDA19-CC31-47D2-A7CC-E2FD48F812D1}.Debug|Any CPU.ActiveCfg = Debug|Any CPU
		{DABCDA19-CC31-47D2-A7CC-E2FD48F812D1}.Debug|Any CPU.Build.0 = Debug|Any CPU
		{DABCDA19-CC31-47D2-A7CC-E2FD48F812D1}.Debug|x64.ActiveCfg = Debug|Any CPU
		{DABCDA19-CC31-47D2-A7CC-E2FD48F812D1}.Debug|x64.Build.0 = Debug|Any CPU
		{DABCDA19-CC31-47D2-A7CC-E2FD48F812D1}.Debug|x86.ActiveCfg = Debug|Any CPU
		{DABCDA19-CC31-47D2-A7CC-E2FD48F812D1}.Debug|x86.Build.0 = Debug|Any CPU
		{DABCDA19-CC31-47D2-A7CC-E2FD48F812D1}.Release|Any CPU.ActiveCfg = Release|Any CPU
		{DABCDA19-CC31-47D2-A7CC-E2FD48F812D1}.Release|Any CPU.Build.0 = Release|Any CPU
		{DABCDA19-CC31-47D2-A7CC-E2FD48F812D1}.Release|x64.ActiveCfg = Release|Any CPU
		{DABCDA19-CC31-47D2-A7CC-E2FD48F812D1}.Release|x64.Build.0 = Release|Any CPU
		{DABCDA19-CC31-47D2-A7CC-E2FD48F812D1}.Release|x86.ActiveCfg = Release|Any CPU
		{DABCDA19-CC31-47D2-A7CC-E2FD48F812D1}.Release|x86.Build.0 = Release|Any CPU
		{04532539-44B1-402C-A6AA-FE439A5DF6C7}.Debug|Any CPU.ActiveCfg = Debug|Any CPU
		{04532539-44B1-402C-A6AA-FE439A5DF6C7}.Debug|Any CPU.Build.0 = Debug|Any CPU
		{04532539-44B1-402C-A6AA-FE439A5DF6C7}.Debug|x64.ActiveCfg = Debug|Any CPU
		{04532539-44B1-402C-A6AA-FE439A5DF6C7}.Debug|x64.Build.0 = Debug|Any CPU
		{04532539-44B1-402C-A6AA-FE439A5DF6C7}.Debug|x86.ActiveCfg = Debug|Any CPU
		{04532539-44B1-402C-A6AA-FE439A5DF6C7}.Debug|x86.Build.0 = Debug|Any CPU
		{04532539-44B1-402C-A6AA-FE439A5DF6C7}.Release|Any CPU.ActiveCfg = Release|Any CPU
		{04532539-44B1-402C-A6AA-FE439A5DF6C7}.Release|Any CPU.Build.0 = Release|Any CPU
		{04532539-44B1-402C-A6AA-FE439A5DF6C7}.Release|x64.ActiveCfg = Release|Any CPU
		{04532539-44B1-402C-A6AA-FE439A5DF6C7}.Release|x64.Build.0 = Release|Any CPU
		{04532539-44B1-402C-A6AA-FE439A5DF6C7}.Release|x86.ActiveCfg = Release|Any CPU
		{04532539-44B1-402C-A6AA-FE439A5DF6C7}.Release|x86.Build.0 = Release|Any CPU
		{F634B1D6-0E32-406C-B851-0FC70C3DCB34}.Debug|Any CPU.ActiveCfg = Debug|Any CPU
		{F634B1D6-0E32-406C-B851-0FC70C3DCB34}.Debug|Any CPU.Build.0 = Debug|Any CPU
		{F634B1D6-0E32-406C-B851-0FC70C3DCB34}.Debug|x64.ActiveCfg = Debug|Any CPU
		{F634B1D6-0E32-406C-B851-0FC70C3DCB34}.Debug|x64.Build.0 = Debug|Any CPU
		{F634B1D6-0E32-406C-B851-0FC70C3DCB34}.Debug|x86.ActiveCfg = Debug|Any CPU
		{F634B1D6-0E32-406C-B851-0FC70C3DCB34}.Debug|x86.Build.0 = Debug|Any CPU
		{F634B1D6-0E32-406C-B851-0FC70C3DCB34}.Release|Any CPU.ActiveCfg = Release|Any CPU
		{F634B1D6-0E32-406C-B851-0FC70C3DCB34}.Release|Any CPU.Build.0 = Release|Any CPU
		{F634B1D6-0E32-406C-B851-0FC70C3DCB34}.Release|x64.ActiveCfg = Release|Any CPU
		{F634B1D6-0E32-406C-B851-0FC70C3DCB34}.Release|x64.Build.0 = Release|Any CPU
		{F634B1D6-0E32-406C-B851-0FC70C3DCB34}.Release|x86.ActiveCfg = Release|Any CPU
		{F634B1D6-0E32-406C-B851-0FC70C3DCB34}.Release|x86.Build.0 = Release|Any CPU
	EndGlobalSection
	GlobalSection(SolutionProperties) = preSolution
		HideSolutionNode = FALSE
	EndGlobalSection
	GlobalSection(NestedProjects) = preSolution
		{AA823DA3-AE80-4278-9B7F-6B366FE6698D} = {0AB3BF05-4346-4AA6-1389-037BE0695223}
		{8B290487-4C16-E85E-E807-F579CBE9FC4D} = {827E0CD3-B72D-47B6-A68D-7590B98EB39B}
		{391EC749-B9D8-40A4-93C9-CBCE71FC0A80} = {8B290487-4C16-E85E-E807-F579CBE9FC4D}
		{22BAF98C-8415-17C4-B26A-D537657BC863} = {827E0CD3-B72D-47B6-A68D-7590B98EB39B}
		{35CD1F98-F23B-49DF-9360-203CDD7E65EC} = {22BAF98C-8415-17C4-B26A-D537657BC863}
		{9048EB7F-3875-A59E-E36B-5BD4C6F2A282} = {827E0CD3-B72D-47B6-A68D-7590B98EB39B}
		{DABCDA19-CC31-47D2-A7CC-E2FD48F812D1} = {9048EB7F-3875-A59E-E36B-5BD4C6F2A282}
		{81034408-37C8-1011-444E-4C15C2FADA8E} = {827E0CD3-B72D-47B6-A68D-7590B98EB39B}
		{04532539-44B1-402C-A6AA-FE439A5DF6C7} = {81034408-37C8-1011-444E-4C15C2FADA8E}
		{63882A7C-90E5-DEE3-63BB-E6ABDBC8A365} = {827E0CD3-B72D-47B6-A68D-7590B98EB39B}
		{F634B1D6-0E32-406C-B851-0FC70C3DCB34} = {63882A7C-90E5-DEE3-63BB-E6ABDBC8A365}
	EndGlobalSection
EndGlobal
